
Microsoft Visual Studio Solution File, Format Version 12.00
# Visual Studio Version 16
VisualStudioVersion = 16.0.32002.261
MinimumVisualStudioVersion = 10.0.40219.1
Project("{FAE04EC0-301F-11D3-BF4B-00C04F79EFBC}") = "Assignment02", "Assignment02\Assignment02.csproj", "{BEB0FA12-E699-4A5C-8A1D-11961C855151}"
EndProject
Project("{FAE04EC0-301F-11D3-BF4B-00C04F79EFBC}") = "Assignment02_QA", "Assignment02_QA\Assignment02_QA.csproj", "{06FB05FF-D2F8-48A0-A282-E2AC0107363F}"
EndProject
Global
	GlobalSection(SolutionConfigurationPlatforms) = preSolution
		Debug|Any CPU = Debug|Any CPU
		Release|Any CPU = Release|Any CPU
	EndGlobalSection
	GlobalSection(ProjectConfigurationPlatforms) = postSolution
		{BEB0FA12-E699-4A5C-8A1D-11961C855151}.Debug|Any CPU.ActiveCfg = Debug|Any CPU
		{BEB0FA12-E699-4A5C-8A1D-11961C855151}.Debug|Any CPU.Build.0 = Debug|Any CPU
		{BEB0FA12-E699-4A5C-8A1D-11961C855151}.Release|Any CPU.ActiveCfg = Release|Any CPU
		{BEB0FA12-E699-4A5C-8A1D-11961C855151}.Release|Any CPU.Build.0 = Release|Any CPU
		{06FB05FF-D2F8-48A0-A282-E2AC0107363F}.Debug|Any CPU.ActiveCfg = Debug|Any CPU
		{06FB05FF-D2F8-48A0-A282-E2AC0107363F}.Debug|Any CPU.Build.0 = Debug|Any CPU
		{06FB05FF-D2F8-48A0-A282-E2AC0107363F}.Release|Any CPU.ActiveCfg = Release|Any CPU
		{06FB05FF-D2F8-48A0-A282-E2AC0107363F}.Release|Any CPU.Build.0 = Release|Any CPU
	EndGlobalSection
	GlobalSection(SolutionProperties) = preSolution
		HideSolutionNode = FALSE
	EndGlobalSection
	GlobalSection(ExtensibilityGlobals) = postSolution
		SolutionGuid = {66EBA998-DB97-4EDB-8E8E-E50F60E16AA9}
	EndGlobalSection
EndGlobal
